
Microsoft Visual Studio Solution File, Format Version 12.00
# Visual Studio 15
VisualStudioVersion = 15.0.28307.1684
MinimumVisualStudioVersion = 10.0.40219.1
Project("{888888A0-9F3D-457C-B088-3A5042F75D52}") = "LotteryPredictor", "LotteryPredictor\LotteryPredictor.pyproj", "{95987ED4-4539-44F4-BF3C-C7D28D64E938}"
EndProject
Global
	GlobalSection(SolutionConfigurationPlatforms) = preSolution
		Debug|Any CPU = Debug|Any CPU
		Release|Any CPU = Release|Any CPU
	EndGlobalSection
	GlobalSection(ProjectConfigurationPlatforms) = postSolution
		{95987ED4-4539-44F4-BF3C-C7D28D64E938}.Debug|Any CPU.ActiveCfg = Debug|Any CPU
		{95987ED4-4539-44F4-BF3C-C7D28D64E938}.Release|Any CPU.ActiveCfg = Release|Any CPU
	EndGlobalSection
	GlobalSection(SolutionProperties) = preSolution
		HideSolutionNode = FALSE
	EndGlobalSection
	GlobalSection(ExtensibilityGlobals) = postSolution
		SolutionGuid = {BFCEBE7F-9F1B-4848-A2B0-37988D60A471}
	EndGlobalSection
EndGlobal
